
Microsoft Visual Studio Solution File, Format Version 12.00
# Visual Studio Version 17
VisualStudioVersion = 17.7.34031.279
MinimumVisualStudioVersion = 10.0.40219.1
Project("{FAE04EC0-301F-11D3-BF4B-00C04F79EFBC}") = "SuViPlayer", "SuViPlayer\SuViPlayer.csproj", "{4ED88CDC-3ACA-462D-BCAF-11C5531A7E8B}"
EndProject
Global
	GlobalSection(SolutionConfigurationPlatforms) = preSolution
		Debug|Any CPU = Debug|Any CPU
		Release|Any CPU = Release|Any CPU
	EndGlobalSection
	GlobalSection(ProjectConfigurationPlatforms) = postSolution
		{4ED88CDC-3ACA-462D-BCAF-11C5531A7E8B}.Debug|Any CPU.ActiveCfg = Debug|Any CPU
		{4ED88CDC-3ACA-462D-BCAF-11C5531A7E8B}.Debug|Any CPU.Build.0 = Debug|Any CPU
		{4ED88CDC-3ACA-462D-BCAF-11C5531A7E8B}.Release|Any CPU.ActiveCfg = Release|Any CPU
		{4ED88CDC-3ACA-462D-BCAF-11C5531A7E8B}.Release|Any CPU.Build.0 = Release|Any CPU
	EndGlobalSection
	GlobalSection(SolutionProperties) = preSolution
		HideSolutionNode = FALSE
	EndGlobalSection
	GlobalSection(ExtensibilityGlobals) = postSolution
		SolutionGuid = {4B012578-90B1-4236-AF4B-FB01E0E452F3}
	EndGlobalSection
EndGlobal
